// !$*UTF8*$!
{
	archiveVersion = 1;
	classes = {
	};
	objectVersion = 50;
	objects = {

/* Begin PBXBuildFile section */
		801712B1224653E100620E23 /* AppDelegate.swift in Sources */ = {isa = PBXBuildFile; fileRef = 801712B0224653E100620E23 /* AppDelegate.swift */; };
		801712B6224653E100620E23 /* Main.storyboard in Resources */ = {isa = PBXBuildFile; fileRef = 801712B4224653E100620E23 /* Main.storyboard */; };
		801712B8224653E300620E23 /* Assets.xcassets in Resources */ = {isa = PBXBuildFile; fileRef = 801712B7224653E300620E23 /* Assets.xcassets */; };
		801712BB224653E300620E23 /* LaunchScreen.storyboard in Resources */ = {isa = PBXBuildFile; fileRef = 801712B9224653E300620E23 /* LaunchScreen.storyboard */; };
		801F80AA230A7A8900C6F4E4 /* Attempt.xcdatamodeld in Sources */ = {isa = PBXBuildFile; fileRef = 801F80A8230A7A8900C6F4E4 /* Attempt.xcdatamodeld */; };
		801F80AC230A7AA700C6F4E4 /* CoreDataStack.swift in Sources */ = {isa = PBXBuildFile; fileRef = 801F80AB230A7AA700C6F4E4 /* CoreDataStack.swift */; };
		802038D122482FD500B095FA /* SearchWord.swift in Sources */ = {isa = PBXBuildFile; fileRef = 802038D022482FD500B095FA /* SearchWord.swift */; };
		803C9CE1230A80D4009985EB /* Word+CoreDataClass.swift in Sources */ = {isa = PBXBuildFile; fileRef = 803C9CDF230A80D4009985EB /* Word+CoreDataClass.swift */; };
		803C9CE2230A80D4009985EB /* Word+CoreDataProperties.swift in Sources */ = {isa = PBXBuildFile; fileRef = 803C9CE0230A80D4009985EB /* Word+CoreDataProperties.swift */; };
		803C9CE4230A8886009985EB /* CoreDataHelper.swift in Sources */ = {isa = PBXBuildFile; fileRef = 803C9CE3230A8886009985EB /* CoreDataHelper.swift */; };
		803C9CE6230AE3E7009985EB /* GradientView.swift in Sources */ = {isa = PBXBuildFile; fileRef = 803C9CE5230AE3E7009985EB /* GradientView.swift */; };
		803C9CE8230CCB08009985EB /* HomeViewController.swift in Sources */ = {isa = PBXBuildFile; fileRef = 803C9CE7230CCB08009985EB /* HomeViewController.swift */; };
		8077477222A2CF2000729D93 /* MainScreenViewController.swift in Sources */ = {isa = PBXBuildFile; fileRef = 8077477122A2CF2000729D93 /* MainScreenViewController.swift */; };
		807CF42D230714A30007A6B9 /* WordSuggestionDataSource.swift in Sources */ = {isa = PBXBuildFile; fileRef = 807CF42C230714A30007A6B9 /* WordSuggestionDataSource.swift */; };
		807CF437230896B10007A6B9 /* DefinitionViewController.swift in Sources */ = {isa = PBXBuildFile; fileRef = 807CF436230896B10007A6B9 /* DefinitionViewController.swift */; };
		808A669922A4FEAC00D3F388 /* WordSuggestionView.swift in Sources */ = {isa = PBXBuildFile; fileRef = 808A669822A4FEAC00D3F388 /* WordSuggestionView.swift */; };
		8093F8692300271700A0CE97 /* StringHTMLExtension.swift in Sources */ = {isa = PBXBuildFile; fileRef = 8093F8682300271700A0CE97 /* StringHTMLExtension.swift */; };
		809E87E0230EF0DB00629C48 /* GoogleService-Info.plist in Resources */ = {isa = PBXBuildFile; fileRef = 809E87DF230EF0DB00629C48 /* GoogleService-Info.plist */; };
		BEE2900A5F9476069627A447 /* Pods_Attempt.framework in Frameworks */ = {isa = PBXBuildFile; fileRef = 38E156A27C953C0F6887D857 /* Pods_Attempt.framework */; };
/* End PBXBuildFile section */

/* Begin PBXFileReference section */
		38E156A27C953C0F6887D857 /* Pods_Attempt.framework */ = {isa = PBXFileReference; explicitFileType = wrapper.framework; includeInIndex = 0; path = Pods_Attempt.framework; sourceTree = BUILT_PRODUCTS_DIR; };
		801712AD224653E100620E23 /* Attempt.app */ = {isa = PBXFileReference; explicitFileType = wrapper.application; includeInIndex = 0; path = Attempt.app; sourceTree = BUILT_PRODUCTS_DIR; };
		801712B0224653E100620E23 /* AppDelegate.swift */ = {isa = PBXFileReference; lastKnownFileType = sourcecode.swift; path = AppDelegate.swift; sourceTree = "<group>"; };
		801712B5224653E100620E23 /* Base */ = {isa = PBXFileReference; lastKnownFileType = file.storyboard; name = Base; path = Base.lproj/Main.storyboard; sourceTree = "<group>"; };
		801712B7224653E300620E23 /* Assets.xcassets */ = {isa = PBXFileReference; lastKnownFileType = folder.assetcatalog; path = Assets.xcassets; sourceTree = "<group>"; };
		801712BA224653E300620E23 /* Base */ = {isa = PBXFileReference; lastKnownFileType = file.storyboard; name = Base; path = Base.lproj/LaunchScreen.storyboard; sourceTree = "<group>"; };
		801712BC224653E300620E23 /* Info.plist */ = {isa = PBXFileReference; lastKnownFileType = text.plist.xml; path = Info.plist; sourceTree = "<group>"; };
		801F80A9230A7A8900C6F4E4 /* Attempt.xcdatamodel */ = {isa = PBXFileReference; lastKnownFileType = wrapper.xcdatamodel; path = Attempt.xcdatamodel; sourceTree = "<group>"; };
		801F80AB230A7AA700C6F4E4 /* CoreDataStack.swift */ = {isa = PBXFileReference; lastKnownFileType = sourcecode.swift; path = CoreDataStack.swift; sourceTree = "<group>"; };
		802038D022482FD500B095FA /* SearchWord.swift */ = {isa = PBXFileReference; lastKnownFileType = sourcecode.swift; path = SearchWord.swift; sourceTree = "<group>"; };
		803C9CDF230A80D4009985EB /* Word+CoreDataClass.swift */ = {isa = PBXFileReference; lastKnownFileType = sourcecode.swift; path = "Word+CoreDataClass.swift"; sourceTree = "<group>"; };
		803C9CE0230A80D4009985EB /* Word+CoreDataProperties.swift */ = {isa = PBXFileReference; lastKnownFileType = sourcecode.swift; path = "Word+CoreDataProperties.swift"; sourceTree = "<group>"; };
		803C9CE3230A8886009985EB /* CoreDataHelper.swift */ = {isa = PBXFileReference; lastKnownFileType = sourcecode.swift; path = CoreDataHelper.swift; sourceTree = "<group>"; };
		803C9CE5230AE3E7009985EB /* GradientView.swift */ = {isa = PBXFileReference; fileEncoding = 4; lastKnownFileType = sourcecode.swift; path = GradientView.swift; sourceTree = "<group>"; };
		803C9CE7230CCB08009985EB /* HomeViewController.swift */ = {isa = PBXFileReference; lastKnownFileType = sourcecode.swift; path = HomeViewController.swift; sourceTree = "<group>"; };
		8077477122A2CF2000729D93 /* MainScreenViewController.swift */ = {isa = PBXFileReference; lastKnownFileType = sourcecode.swift; path = MainScreenViewController.swift; sourceTree = "<group>"; };
		807CF42C230714A30007A6B9 /* WordSuggestionDataSource.swift */ = {isa = PBXFileReference; lastKnownFileType = sourcecode.swift; path = WordSuggestionDataSource.swift; sourceTree = "<group>"; };
		807CF436230896B10007A6B9 /* DefinitionViewController.swift */ = {isa = PBXFileReference; lastKnownFileType = sourcecode.swift; path = DefinitionViewController.swift; sourceTree = "<group>"; };
		808A669822A4FEAC00D3F388 /* WordSuggestionView.swift */ = {isa = PBXFileReference; lastKnownFileType = sourcecode.swift; path = WordSuggestionView.swift; sourceTree = "<group>"; };
		8093F8682300271700A0CE97 /* StringHTMLExtension.swift */ = {isa = PBXFileReference; lastKnownFileType = sourcecode.swift; path = StringHTMLExtension.swift; sourceTree = "<group>"; };
		809E87DF230EF0DB00629C48 /* GoogleService-Info.plist */ = {isa = PBXFileReference; fileEncoding = 4; lastKnownFileType = text.plist.xml; path = "GoogleService-Info.plist"; sourceTree = "<group>"; };
		C15F9931B820B67BBC1A5C53 /* Pods-Attempt.release.xcconfig */ = {isa = PBXFileReference; includeInIndex = 1; lastKnownFileType = text.xcconfig; name = "Pods-Attempt.release.xcconfig"; path = "Target Support Files/Pods-Attempt/Pods-Attempt.release.xcconfig"; sourceTree = "<group>"; };
		D80CFCEEFE145779011A1229 /* Pods-Attempt.debug.xcconfig */ = {isa = PBXFileReference; includeInIndex = 1; lastKnownFileType = text.xcconfig; name = "Pods-Attempt.debug.xcconfig"; path = "Target Support Files/Pods-Attempt/Pods-Attempt.debug.xcconfig"; sourceTree = "<group>"; };
/* End PBXFileReference section */

/* Begin PBXFrameworksBuildPhase section */
		801712AA224653E100620E23 /* Frameworks */ = {
			isa = PBXFrameworksBuildPhase;
			buildActionMask = 2147483647;
			files = (
				BEE2900A5F9476069627A447 /* Pods_Attempt.framework in Frameworks */,
			);
			runOnlyForDeploymentPostprocessing = 0;
		};
/* End PBXFrameworksBuildPhase section */

/* Begin PBXGroup section */
		1FF0E9B19D26A4DC9900C034 /* Frameworks */ = {
			isa = PBXGroup;
			children = (
				38E156A27C953C0F6887D857 /* Pods_Attempt.framework */,
			);
			name = Frameworks;
			sourceTree = "<group>";
		};
		801712A4224653E100620E23 = {
			isa = PBXGroup;
			children = (
				801712AF224653E100620E23 /* Attempt */,
				801712AE224653E100620E23 /* Products */,
				8D3D552CD6374BC3160107F0 /* Pods */,
				1FF0E9B19D26A4DC9900C034 /* Frameworks */,
			);
			sourceTree = "<group>";
		};
		801712AE224653E100620E23 /* Products */ = {
			isa = PBXGroup;
			children = (
				801712AD224653E100620E23 /* Attempt.app */,
			);
			name = Products;
			sourceTree = "<group>";
		};
		801712AF224653E100620E23 /* Attempt */ = {
			isa = PBXGroup;
			children = (
				803C9CE5230AE3E7009985EB /* GradientView.swift */,
				803C9CDF230A80D4009985EB /* Word+CoreDataClass.swift */,
				803C9CE0230A80D4009985EB /* Word+CoreDataProperties.swift */,
				801F80A8230A7A8900C6F4E4 /* Attempt.xcdatamodeld */,
				802038D022482FD500B095FA /* SearchWord.swift */,
				801712B0224653E100620E23 /* AppDelegate.swift */,
				801712B4224653E100620E23 /* Main.storyboard */,
				801712B7224653E300620E23 /* Assets.xcassets */,
				801712B9224653E300620E23 /* LaunchScreen.storyboard */,
				801712BC224653E300620E23 /* Info.plist */,
				8077477122A2CF2000729D93 /* MainScreenViewController.swift */,
				808A669822A4FEAC00D3F388 /* WordSuggestionView.swift */,
				8093F8682300271700A0CE97 /* StringHTMLExtension.swift */,
				807CF42C230714A30007A6B9 /* WordSuggestionDataSource.swift */,
				807CF436230896B10007A6B9 /* DefinitionViewController.swift */,
				801F80AB230A7AA700C6F4E4 /* CoreDataStack.swift */,
				803C9CE3230A8886009985EB /* CoreDataHelper.swift */,
				803C9CE7230CCB08009985EB /* HomeViewController.swift */,
				809E87DF230EF0DB00629C48 /* GoogleService-Info.plist */,
			);
			path = Attempt;
			sourceTree = "<group>";
		};
		8D3D552CD6374BC3160107F0 /* Pods */ = {
			isa = PBXGroup;
			children = (
				D80CFCEEFE145779011A1229 /* Pods-Attempt.debug.xcconfig */,
				C15F9931B820B67BBC1A5C53 /* Pods-Attempt.release.xcconfig */,
			);
			path = Pods;
			sourceTree = "<group>";
		};
/* End PBXGroup section */

/* Begin PBXNativeTarget section */
		801712AC224653E100620E23 /* Attempt */ = {
			isa = PBXNativeTarget;
			buildConfigurationList = 801712BF224653E300620E23 /* Build configuration list for PBXNativeTarget "Attempt" */;
			buildPhases = (
				44310A4D6E12F8AFF8F0D77F /* [CP] Check Pods Manifest.lock */,
				801712A9224653E100620E23 /* Sources */,
				801712AA224653E100620E23 /* Frameworks */,
				801712AB224653E100620E23 /* Resources */,
				3D7CCA83254EB9145BDC93A6 /* [CP] Embed Pods Frameworks */,
			);
			buildRules = (
			);
			dependencies = (
			);
			name = Attempt;
			productName = Attempt;
			productReference = 801712AD224653E100620E23 /* Attempt.app */;
			productType = "com.apple.product-type.application";
		};
/* End PBXNativeTarget section */

/* Begin PBXProject section */
		801712A5224653E100620E23 /* Project object */ = {
			isa = PBXProject;
			attributes = {
				LastSwiftUpdateCheck = 1010;
				LastUpgradeCheck = 1010;
				ORGANIZATIONNAME = Learning;
				TargetAttributes = {
					801712AC224653E100620E23 = {
						CreatedOnToolsVersion = 10.1;
					};
				};
			};
			buildConfigurationList = 801712A8224653E100620E23 /* Build configuration list for PBXProject "Attempt" */;
			compatibilityVersion = "Xcode 9.3";
			developmentRegion = en;
			hasScannedForEncodings = 0;
			knownRegions = (
				en,
				Base,
			);
			mainGroup = 801712A4224653E100620E23;
			productRefGroup = 801712AE224653E100620E23 /* Products */;
			projectDirPath = "";
			projectRoot = "";
			targets = (
				801712AC224653E100620E23 /* Attempt */,
			);
		};
/* End PBXProject section */

/* Begin PBXResourcesBuildPhase section */
		801712AB224653E100620E23 /* Resources */ = {
			isa = PBXResourcesBuildPhase;
			buildActionMask = 2147483647;
			files = (
				801712BB224653E300620E23 /* LaunchScreen.storyboard in Resources */,
				809E87E0230EF0DB00629C48 /* GoogleService-Info.plist in Resources */,
				801712B8224653E300620E23 /* Assets.xcassets in Resources */,
				801712B6224653E100620E23 /* Main.storyboard in Resources */,
			);
			runOnlyForDeploymentPostprocessing = 0;
		};
/* End PBXResourcesBuildPhase section */

/* Begin PBXShellScriptBuildPhase section */
		3D7CCA83254EB9145BDC93A6 /* [CP] Embed Pods Frameworks */ = {
			isa = PBXShellScriptBuildPhase;
			buildActionMask = 2147483647;
			files = (
			);
			inputFileListPaths = (
				"${PODS_ROOT}/Target Support Files/Pods-Attempt/Pods-Attempt-frameworks-${CONFIGURATION}-input-files.xcfilelist",
			);
			name = "[CP] Embed Pods Frameworks";
			outputFileListPaths = (
				"${PODS_ROOT}/Target Support Files/Pods-Attempt/Pods-Attempt-frameworks-${CONFIGURATION}-output-files.xcfilelist",
			);
			runOnlyForDeploymentPostprocessing = 0;
			shellPath = /bin/sh;
			shellScript = "\"${PODS_ROOT}/Target Support Files/Pods-Attempt/Pods-Attempt-frameworks.sh\"\n";
			showEnvVarsInLog = 0;
		};
		44310A4D6E12F8AFF8F0D77F /* [CP] Check Pods Manifest.lock */ = {
			isa = PBXShellScriptBuildPhase;
			buildActionMask = 2147483647;
			files = (
			);
			inputFileListPaths = (
			);
			inputPaths = (
				"${PODS_PODFILE_DIR_PATH}/Podfile.lock",
				"${PODS_ROOT}/Manifest.lock",
			);
			name = "[CP] Check Pods Manifest.lock";
			outputFileListPaths = (
			);
			outputPaths = (
				"$(DERIVED_FILE_DIR)/Pods-Attempt-checkManifestLockResult.txt",
			);
			runOnlyForDeploymentPostprocessing = 0;
			shellPath = /bin/sh;
			shellScript = "diff \"${PODS_PODFILE_DIR_PATH}/Podfile.lock\" \"${PODS_ROOT}/Manifest.lock\" > /dev/null\nif [ $? != 0 ] ; then\n    # print error to STDERR\n    echo \"error: The sandbox is not in sync with the Podfile.lock. Run 'pod install' or update your CocoaPods installation.\" >&2\n    exit 1\nfi\n# This output is used by Xcode 'outputs' to avoid re-running this script phase.\necho \"SUCCESS\" > \"${SCRIPT_OUTPUT_FILE_0}\"\n";
			showEnvVarsInLog = 0;
		};
/* End PBXShellScriptBuildPhase section */

/* Begin PBXSourcesBuildPhase section */
		801712A9224653E100620E23 /* Sources */ = {
			isa = PBXSourcesBuildPhase;
			buildActionMask = 2147483647;
			files = (
				801F80AC230A7AA700C6F4E4 /* CoreDataStack.swift in Sources */,
				808A669922A4FEAC00D3F388 /* WordSuggestionView.swift in Sources */,
				803C9CE2230A80D4009985EB /* Word+CoreDataProperties.swift in Sources */,
				803C9CE1230A80D4009985EB /* Word+CoreDataClass.swift in Sources */,
				807CF437230896B10007A6B9 /* DefinitionViewController.swift in Sources */,
				803C9CE8230CCB08009985EB /* HomeViewController.swift in Sources */,
				803C9CE4230A8886009985EB /* CoreDataHelper.swift in Sources */,
				807CF42D230714A30007A6B9 /* WordSuggestionDataSource.swift in Sources */,
				8093F8692300271700A0CE97 /* StringHTMLExtension.swift in Sources */,
				8077477222A2CF2000729D93 /* MainScreenViewController.swift in Sources */,
				801712B1224653E100620E23 /* AppDelegate.swift in Sources */,
				803C9CE6230AE3E7009985EB /* GradientView.swift in Sources */,
				801F80AA230A7A8900C6F4E4 /* Attempt.xcdatamodeld in Sources */,
				802038D122482FD500B095FA /* SearchWord.swift in Sources */,
			);
			runOnlyForDeploymentPostprocessing = 0;
		};
/* End PBXSourcesBuildPhase section */

/* Begin PBXVariantGroup section */
		801712B4224653E100620E23 /* Main.storyboard */ = {
			isa = PBXVariantGroup;
			children = (
				801712B5224653E100620E23 /* Base */,
			);
			name = Main.storyboard;
			sourceTree = "<group>";
		};
		801712B9224653E300620E23 /* LaunchScreen.storyboard */ = {
			isa = PBXVariantGroup;
			children = (
				801712BA224653E300620E23 /* Base */,
			);
			name = LaunchScreen.storyboard;
			sourceTree = "<group>";
		};
/* End PBXVariantGroup section */

/* Begin XCBuildConfiguration section */
		801712BD224653E300620E23 /* Debug */ = {
			isa = XCBuildConfiguration;
			buildSettings = {
				ALWAYS_SEARCH_USER_PATHS = NO;
				CLANG_ANALYZER_NONNULL = YES;
				CLANG_ANALYZER_NUMBER_OBJECT_CONVERSION = YES_AGGRESSIVE;
				CLANG_CXX_LANGUAGE_STANDARD = "gnu++14";
				CLANG_CXX_LIBRARY = "libc++";
				CLANG_ENABLE_MODULES = YES;
				CLANG_ENABLE_OBJC_ARC = YES;
				CLANG_ENABLE_OBJC_WEAK = YES;
				CLANG_WARN_BLOCK_CAPTURE_AUTORELEASING = YES;
				CLANG_WARN_BOOL_CONVERSION = YES;
				CLANG_WARN_COMMA = YES;
				CLANG_WARN_CONSTANT_CONVERSION = YES;
				CLANG_WARN_DEPRECATED_OBJC_IMPLEMENTATIONS = YES;
				CLANG_WARN_DIRECT_OBJC_ISA_USAGE = YES_ERROR;
				CLANG_WARN_DOCUMENTATION_COMMENTS = YES;
				CLANG_WARN_EMPTY_BODY = YES;
				CLANG_WARN_ENUM_CONVERSION = YES;
				CLANG_WARN_INFINITE_RECURSION = YES;
				CLANG_WARN_INT_CONVERSION = YES;
				CLANG_WARN_NON_LITERAL_NULL_CONVERSION = YES;
				CLANG_WARN_OBJC_IMPLICIT_RETAIN_SELF = YES;
				CLANG_WARN_OBJC_LITERAL_CONVERSION = YES;
				CLANG_WARN_OBJC_ROOT_CLASS = YES_ERROR;
				CLANG_WARN_RANGE_LOOP_ANALYSIS = YES;
				CLANG_WARN_STRICT_PROTOTYPES = YES;
				CLANG_WARN_SUSPICIOUS_MOVE = YES;
				CLANG_WARN_UNGUARDED_AVAILABILITY = YES_AGGRESSIVE;
				CLANG_WARN_UNREACHABLE_CODE = YES;
				CLANG_WARN__DUPLICATE_METHOD_MATCH = YES;
				CODE_SIGN_IDENTITY = "iPhone Developer";
				COPY_PHASE_STRIP = NO;
				DEBUG_INFORMATION_FORMAT = dwarf;
				ENABLE_STRICT_OBJC_MSGSEND = YES;
				ENABLE_TESTABILITY = YES;
				GCC_C_LANGUAGE_STANDARD = gnu11;
				GCC_DYNAMIC_NO_PIC = NO;
				GCC_NO_COMMON_BLOCKS = YES;
				GCC_OPTIMIZATION_LEVEL = 0;
				GCC_PREPROCESSOR_DEFINITIONS = (
					"DEBUG=1",
					"$(inherited)",
				);
				GCC_WARN_64_TO_32_BIT_CONVERSION = YES;
				GCC_WARN_ABOUT_RETURN_TYPE = YES_ERROR;
				GCC_WARN_UNDECLARED_SELECTOR = YES;
				GCC_WARN_UNINITIALIZED_AUTOS = YES_AGGRESSIVE;
				GCC_WARN_UNUSED_FUNCTION = YES;
				GCC_WARN_UNUSED_VARIABLE = YES;
				IPHONEOS_DEPLOYMENT_TARGET = 12.1;
				MTL_ENABLE_DEBUG_INFO = INCLUDE_SOURCE;
				MTL_FAST_MATH = YES;
				ONLY_ACTIVE_ARCH = YES;
				SDKROOT = iphoneos;
				SWIFT_ACTIVE_COMPILATION_CONDITIONS = DEBUG;
				SWIFT_OPTIMIZATION_LEVEL = "-Onone";
			};
			name = Debug;
		};
		801712BE224653E300620E23 /* Release */ = {
			isa = XCBuildConfiguration;
			buildSettings = {
				ALWAYS_SEARCH_USER_PATHS = NO;
				CLANG_ANALYZER_NONNULL = YES;
				CLANG_ANALYZER_NUMBER_OBJECT_CONVERSION = YES_AGGRESSIVE;
				CLANG_CXX_LANGUAGE_STANDARD = "gnu++14";
				CLANG_CXX_LIBRARY = "libc++";
				CLANG_ENABLE_MODULES = YES;
				CLANG_ENABLE_OBJC_ARC = YES;
				CLANG_ENABLE_OBJC_WEAK = YES;
				CLANG_WARN_BLOCK_CAPTURE_AUTORELEASING = YES;
				CLANG_WARN_BOOL_CONVERSION = YES;
				CLANG_WARN_COMMA = YES;
				CLANG_WARN_CONSTANT_CONVERSION = YES;
				CLANG_WARN_DEPRECATED_OBJC_IMPLEMENTATIONS = YES;
				CLANG_WARN_DIRECT_OBJC_ISA_USAGE = YES_ERROR;
				CLANG_WARN_DOCUMENTATION_COMMENTS = YES;
				CLANG_WARN_EMPTY_BODY = YES;
				CLANG_WARN_ENUM_CONVERSION = YES;
				CLANG_WARN_INFINITE_RECURSION = YES;
				CLANG_WARN_INT_CONVERSION = YES;
				CLANG_WARN_NON_LITERAL_NULL_CONVERSION = YES;
				CLANG_WARN_OBJC_IMPLICIT_RETAIN_SELF = YES;
				CLANG_WARN_OBJC_LITERAL_CONVERSION = YES;
				CLANG_WARN_OBJC_ROOT_CLASS = YES_ERROR;
				CLANG_WARN_RANGE_LOOP_ANALYSIS = YES;
				CLANG_WARN_STRICT_PROTOTYPES = YES;
				CLANG_WARN_SUSPICIOUS_MOVE = YES;
				CLANG_WARN_UNGUARDED_AVAILABILITY = YES_AGGRESSIVE;
				CLANG_WARN_UNREACHABLE_CODE = YES;
				CLANG_WARN__DUPLICATE_METHOD_MATCH = YES;
				CODE_SIGN_IDENTITY = "iPhone Developer";
				COPY_PHASE_STRIP = NO;
				DEBUG_INFORMATION_FORMAT = "dwarf-with-dsym";
				ENABLE_NS_ASSERTIONS = NO;
				ENABLE_STRICT_OBJC_MSGSEND = YES;
				GCC_C_LANGUAGE_STANDARD = gnu11;
				GCC_NO_COMMON_BLOCKS = YES;
				GCC_WARN_64_TO_32_BIT_CONVERSION = YES;
				GCC_WARN_ABOUT_RETURN_TYPE = YES_ERROR;
				GCC_WARN_UNDECLARED_SELECTOR = YES;
				GCC_WARN_UNINITIALIZED_AUTOS = YES_AGGRESSIVE;
				GCC_WARN_UNUSED_FUNCTION = YES;
				GCC_WARN_UNUSED_VARIABLE = YES;
				IPHONEOS_DEPLOYMENT_TARGET = 12.1;
				MTL_ENABLE_DEBUG_INFO = NO;
				MTL_FAST_MATH = YES;
				SDKROOT = iphoneos;
				SWIFT_COMPILATION_MODE = wholemodule;
				SWIFT_OPTIMIZATION_LEVEL = "-O";
				VALIDATE_PRODUCT = YES;
			};
			name = Release;
		};
		801712C0224653E300620E23 /* Debug */ = {
			isa = XCBuildConfiguration;
			baseConfigurationReference = D80CFCEEFE145779011A1229 /* Pods-Attempt.debug.xcconfig */;
			buildSettings = {
				ASSETCATALOG_COMPILER_APPICON_NAME = AppIcon;
				CODE_SIGN_STYLE = Automatic;
				DEVELOPMENT_TEAM = QHRL5MQ9FJ;
				INFOPLIST_FILE = Attempt/Info.plist;
				LD_RUNPATH_SEARCH_PATHS = (
					"$(inherited)",
					"@executable_path/Frameworks",
				);
				PRODUCT_BUNDLE_IDENTIFIER = com.learning.Attempt;
				PRODUCT_NAME = "$(TARGET_NAME)";
				SWIFT_VERSION = 4.2;
				TARGETED_DEVICE_FAMILY = "1,2";
			};
			name = Debug;
		};
		801712C1224653E300620E23 /* Release */ = {
			isa = XCBuildConfiguration;
			baseConfigurationReference = C15F9931B820B67BBC1A5C53 /* Pods-Attempt.release.xcconfig */;
			buildSettings = {
				ASSETCATALOG_COMPILER_APPICON_NAME = AppIcon;
				CODE_SIGN_STYLE = Automatic;
				DEVELOPMENT_TEAM = QHRL5MQ9FJ;
				INFOPLIST_FILE = Attempt/Info.plist;
				LD_RUNPATH_SEARCH_PATHS = (
					"$(inherited)",
					"@executable_path/Frameworks",
				);
				PRODUCT_BUNDLE_IDENTIFIER = com.learning.Attempt;
				PRODUCT_NAME = "$(TARGET_NAME)";
				SWIFT_VERSION = 4.2;
				TARGETED_DEVICE_FAMILY = "1,2";
			};
			name = Release;
		};
/* End XCBuildConfiguration section */

/* Begin XCConfigurationList section */
		801712A8224653E100620E23 /* Build configuration list for PBXProject "Attempt" */ = {
			isa = XCConfigurationList;
			buildConfigurations = (
				801712BD224653E300620E23 /* Debug */,
				801712BE224653E300620E23 /* Release */,
			);
			defaultConfigurationIsVisible = 0;
			defaultConfigurationName = Release;
		};
		801712BF224653E300620E23 /* Build configuration list for PBXNativeTarget "Attempt" */ = {
			isa = XCConfigurationList;
			buildConfigurations = (
				801712C0224653E300620E23 /* Debug */,
				801712C1224653E300620E23 /* Release */,
			);
			defaultConfigurationIsVisible = 0;
			defaultConfigurationName = Release;
		};
/* End XCConfigurationList section */

/* Begin XCVersionGroup section */
		801F80A8230A7A8900C6F4E4 /* Attempt.xcdatamodeld */ = {
			isa = XCVersionGroup;
			children = (
				801F80A9230A7A8900C6F4E4 /* Attempt.xcdatamodel */,
			);
			currentVersion = 801F80A9230A7A8900C6F4E4 /* Attempt.xcdatamodel */;
			path = Attempt.xcdatamodeld;
			sourceTree = "<group>";
			versionGroupType = wrapper.xcdatamodel;
		};
/* End XCVersionGroup section */
	};
	rootObject = 801712A5224653E100620E23 /* Project object */;
}
